
Microsoft Visual Studio Solution File, Format Version 12.00
# Visual Studio Version 16
VisualStudioVersion = 16.0.28803.156
MinimumVisualStudioVersion = 10.0.40219.1
Project("{FAE04EC0-301F-11D3-BF4B-00C04F79EFBC}") = "LearningProject", "HelloWorld\LearningProject.csproj", "{EE216360-BFDC-4BE8-98D6-0ED1E138D27C}"
EndProject
Global
	GlobalSection(SolutionConfigurationPlatforms) = preSolution
		Debug|Any CPU = Debug|Any CPU
		Release|Any CPU = Release|Any CPU
	EndGlobalSection
	GlobalSection(ProjectConfigurationPlatforms) = postSolution
		{EE216360-BFDC-4BE8-98D6-0ED1E138D27C}.Debug|Any CPU.ActiveCfg = Debug|Any CPU
		{EE216360-BFDC-4BE8-98D6-0ED1E138D27C}.Debug|Any CPU.Build.0 = Debug|Any CPU
		{EE216360-BFDC-4BE8-98D6-0ED1E138D27C}.Release|Any CPU.ActiveCfg = Release|Any CPU
		{EE216360-BFDC-4BE8-98D6-0ED1E138D27C}.Release|Any CPU.Build.0 = Release|Any CPU
	EndGlobalSection
	GlobalSection(SolutionProperties) = preSolution
		HideSolutionNode = FALSE
	EndGlobalSection
	GlobalSection(ExtensibilityGlobals) = postSolution
		SolutionGuid = {9D9A036A-6E9A-4424-A6D6-2742D6523057}
	EndGlobalSection
EndGlobal
