
Microsoft Visual Studio Solution File, Format Version 12.00
# Visual Studio 15
VisualStudioVersion = 15.0.28307.572
MinimumVisualStudioVersion = 10.0.40219.1
Project("{9A19103F-16F7-4668-BE54-9A1E7A4F7556}") = "Learning", "ConsoleApp1\Learning.csproj", "{3D06A668-2A4A-41B2-99B3-56EC263C145C}"
EndProject
Global
	GlobalSection(SolutionConfigurationPlatforms) = preSolution
		Debug|Any CPU = Debug|Any CPU
		Release|Any CPU = Release|Any CPU
	EndGlobalSection
	GlobalSection(ProjectConfigurationPlatforms) = postSolution
		{3D06A668-2A4A-41B2-99B3-56EC263C145C}.Debug|Any CPU.ActiveCfg = Debug|Any CPU
		{3D06A668-2A4A-41B2-99B3-56EC263C145C}.Debug|Any CPU.Build.0 = Debug|Any CPU
		{3D06A668-2A4A-41B2-99B3-56EC263C145C}.Release|Any CPU.ActiveCfg = Release|Any CPU
		{3D06A668-2A4A-41B2-99B3-56EC263C145C}.Release|Any CPU.Build.0 = Release|Any CPU
	EndGlobalSection
	GlobalSection(SolutionProperties) = preSolution
		HideSolutionNode = FALSE
	EndGlobalSection
	GlobalSection(ExtensibilityGlobals) = postSolution
		SolutionGuid = {4304156E-4387-4B1A-A246-87848C88A553}
	EndGlobalSection
EndGlobal
